
Microsoft Visual Studio Solution File, Format Version 12.00
# Visual Studio Version 16
VisualStudioVersion = 16.0.29215.179
MinimumVisualStudioVersion = 10.0.40219.1
Project("{FAE04EC0-301F-11D3-BF4B-00C04F79EFBC}") = "MART391TestApp3", "MART391TestApp3.csproj", "{CBC03DF8-C09E-4758-A768-141D2ECB85D1}"
EndProject
Global
	GlobalSection(SolutionConfigurationPlatforms) = preSolution
		Debug|Any CPU = Debug|Any CPU
		Release|Any CPU = Release|Any CPU
	EndGlobalSection
	GlobalSection(ProjectConfigurationPlatforms) = postSolution
		{CBC03DF8-C09E-4758-A768-141D2ECB85D1}.Debug|Any CPU.ActiveCfg = Debug|Any CPU
		{CBC03DF8-C09E-4758-A768-141D2ECB85D1}.Debug|Any CPU.Build.0 = Debug|Any CPU
		{CBC03DF8-C09E-4758-A768-141D2ECB85D1}.Release|Any CPU.ActiveCfg = Release|Any CPU
		{CBC03DF8-C09E-4758-A768-141D2ECB85D1}.Release|Any CPU.Build.0 = Release|Any CPU
	EndGlobalSection
	GlobalSection(SolutionProperties) = preSolution
		HideSolutionNode = FALSE
	EndGlobalSection
	GlobalSection(ExtensibilityGlobals) = postSolution
		SolutionGuid = {5E8F2917-2091-4C03-BE57-345E93E4681E}
	EndGlobalSection
EndGlobal
